// !$*UTF8*$!
{
	archiveVersion = 1;
	classes = {
	};
	objectVersion = 50;
	objects = {

/* Begin PBXBuildFile section */
		CC5FF2FF21A1BE4100F993CF /* AppDelegate.swift in Sources */ = {isa = PBXBuildFile; fileRef = CC5FF2FE21A1BE4100F993CF /* AppDelegate.swift */; };
		CC5FF30121A1BE4100F993CF /* TodoListViewController.swift in Sources */ = {isa = PBXBuildFile; fileRef = CC5FF30021A1BE4100F993CF /* TodoListViewController.swift */; };
		CC5FF30421A1BE4100F993CF /* Main.storyboard in Resources */ = {isa = PBXBuildFile; fileRef = CC5FF30221A1BE4100F993CF /* Main.storyboard */; };
		CC5FF30621A1BE4100F993CF /* Assets.xcassets in Resources */ = {isa = PBXBuildFile; fileRef = CC5FF30521A1BE4100F993CF /* Assets.xcassets */; };
		CC5FF30921A1BE4100F993CF /* LaunchScreen.storyboard in Resources */ = {isa = PBXBuildFile; fileRef = CC5FF30721A1BE4100F993CF /* LaunchScreen.storyboard */; };
		CC8ED9DA21A3F0DD00C50004 /* DataModel.xcdatamodeld in Sources */ = {isa = PBXBuildFile; fileRef = CC8ED9D821A3F0DD00C50004 /* DataModel.xcdatamodeld */; };
		CC8ED9E021A4395500C50004 /* CategoryViewController.swift in Sources */ = {isa = PBXBuildFile; fileRef = CC8ED9DF21A4395500C50004 /* CategoryViewController.swift */; };
/* End PBXBuildFile section */

/* Begin PBXFileReference section */
		CC5FF2FB21A1BE4100F993CF /* Todoey.app */ = {isa = PBXFileReference; explicitFileType = wrapper.application; includeInIndex = 0; path = Todoey.app; sourceTree = BUILT_PRODUCTS_DIR; };
		CC5FF2FE21A1BE4100F993CF /* AppDelegate.swift */ = {isa = PBXFileReference; lastKnownFileType = sourcecode.swift; path = AppDelegate.swift; sourceTree = "<group>"; };
		CC5FF30021A1BE4100F993CF /* TodoListViewController.swift */ = {isa = PBXFileReference; lastKnownFileType = sourcecode.swift; path = TodoListViewController.swift; sourceTree = "<group>"; };
		CC5FF30321A1BE4100F993CF /* Base */ = {isa = PBXFileReference; lastKnownFileType = file.storyboard; name = Base; path = Base.lproj/Main.storyboard; sourceTree = "<group>"; };
		CC5FF30521A1BE4100F993CF /* Assets.xcassets */ = {isa = PBXFileReference; lastKnownFileType = folder.assetcatalog; path = Assets.xcassets; sourceTree = "<group>"; };
		CC5FF30821A1BE4100F993CF /* Base */ = {isa = PBXFileReference; lastKnownFileType = file.storyboard; name = Base; path = Base.lproj/LaunchScreen.storyboard; sourceTree = "<group>"; };
		CC5FF30A21A1BE4100F993CF /* Info.plist */ = {isa = PBXFileReference; lastKnownFileType = text.plist.xml; path = Info.plist; sourceTree = "<group>"; };
		CC8ED9D921A3F0DD00C50004 /* DataModel.xcdatamodel */ = {isa = PBXFileReference; lastKnownFileType = wrapper.xcdatamodel; path = DataModel.xcdatamodel; sourceTree = "<group>"; };
		CC8ED9DF21A4395500C50004 /* CategoryViewController.swift */ = {isa = PBXFileReference; lastKnownFileType = sourcecode.swift; path = CategoryViewController.swift; sourceTree = "<group>"; };
/* End PBXFileReference section */

/* Begin PBXFrameworksBuildPhase section */
		CC5FF2F821A1BE4100F993CF /* Frameworks */ = {
			isa = PBXFrameworksBuildPhase;
			buildActionMask = 2147483647;
			files = (
			);
			runOnlyForDeploymentPostprocessing = 0;
		};
/* End PBXFrameworksBuildPhase section */

/* Begin PBXGroup section */
		CC5FF2F221A1BE4000F993CF = {
			isa = PBXGroup;
			children = (
				CC5FF2FD21A1BE4100F993CF /* Todoey */,
				CC5FF2FC21A1BE4100F993CF /* Products */,
			);
			sourceTree = "<group>";
		};
		CC5FF2FC21A1BE4100F993CF /* Products */ = {
			isa = PBXGroup;
			children = (
				CC5FF2FB21A1BE4100F993CF /* Todoey.app */,
			);
			name = Products;
			sourceTree = "<group>";
		};
		CC5FF2FD21A1BE4100F993CF /* Todoey */ = {
			isa = PBXGroup;
			children = (
				CC5FF2FE21A1BE4100F993CF /* AppDelegate.swift */,
				CC8ED9B121A314ED00C50004 /* Controllers */,
				CC8ED9B521A3151200C50004 /* Views */,
				CC8ED9B421A3150100C50004 /* Data Model */,
				CC8ED9B621A3151B00C50004 /* Supporting files */,
				CC5FF30A21A1BE4100F993CF /* Info.plist */,
			);
			path = Todoey;
			sourceTree = "<group>";
		};
		CC8ED9B121A314ED00C50004 /* Controllers */ = {
			isa = PBXGroup;
			children = (
				CC8ED9DF21A4395500C50004 /* CategoryViewController.swift */,
				CC5FF30021A1BE4100F993CF /* TodoListViewController.swift */,
			);
			path = Controllers;
			sourceTree = "<group>";
		};
		CC8ED9B421A3150100C50004 /* Data Model */ = {
			isa = PBXGroup;
			children = (
				CC8ED9D821A3F0DD00C50004 /* DataModel.xcdatamodeld */,
			);
			path = "Data Model";
			sourceTree = "<group>";
		};
		CC8ED9B521A3151200C50004 /* Views */ = {
			isa = PBXGroup;
			children = (
				CC5FF30221A1BE4100F993CF /* Main.storyboard */,
			);
			path = Views;
			sourceTree = "<group>";
		};
		CC8ED9B621A3151B00C50004 /* Supporting files */ = {
			isa = PBXGroup;
			children = (
				CC5FF30521A1BE4100F993CF /* Assets.xcassets */,
				CC5FF30721A1BE4100F993CF /* LaunchScreen.storyboard */,
			);
			path = "Supporting files";
			sourceTree = "<group>";
		};
/* End PBXGroup section */

/* Begin PBXNativeTarget section */
		CC5FF2FA21A1BE4100F993CF /* Todoey */ = {
			isa = PBXNativeTarget;
			buildConfigurationList = CC5FF30D21A1BE4100F993CF /* Build configuration list for PBXNativeTarget "Todoey" */;
			buildPhases = (
				CC5FF2F721A1BE4100F993CF /* Sources */,
				CC5FF2F821A1BE4100F993CF /* Frameworks */,
				CC5FF2F921A1BE4100F993CF /* Resources */,
			);
			buildRules = (
			);
			dependencies = (
			);
			name = Todoey;
			productName = Todoey;
			productReference = CC5FF2FB21A1BE4100F993CF /* Todoey.app */;
			productType = "com.apple.product-type.application";
		};
/* End PBXNativeTarget section */

/* Begin PBXProject section */
		CC5FF2F321A1BE4000F993CF /* Project object */ = {
			isa = PBXProject;
			attributes = {
				LastSwiftUpdateCheck = 0940;
				LastUpgradeCheck = 0940;
				ORGANIZATIONNAME = "coco j";
				TargetAttributes = {
					CC5FF2FA21A1BE4100F993CF = {
						CreatedOnToolsVersion = 9.4.1;
					};
				};
			};
			buildConfigurationList = CC5FF2F621A1BE4000F993CF /* Build configuration list for PBXProject "Todoey" */;
			compatibilityVersion = "Xcode 9.3";
			developmentRegion = en;
			hasScannedForEncodings = 0;
			knownRegions = (
				en,
				Base,
			);
			mainGroup = CC5FF2F221A1BE4000F993CF;
			productRefGroup = CC5FF2FC21A1BE4100F993CF /* Products */;
			projectDirPath = "";
			projectRoot = "";
			targets = (
				CC5FF2FA21A1BE4100F993CF /* Todoey */,
			);
		};
/* End PBXProject section */

/* Begin PBXResourcesBuildPhase section */
		CC5FF2F921A1BE4100F993CF /* Resources */ = {
			isa = PBXResourcesBuildPhase;
			buildActionMask = 2147483647;
			files = (
				CC5FF30921A1BE4100F993CF /* LaunchScreen.storyboard in Resources */,
				CC5FF30621A1BE4100F993CF /* Assets.xcassets in Resources */,
				CC5FF30421A1BE4100F993CF /* Main.storyboard in Resources */,
			);
			runOnlyForDeploymentPostprocessing = 0;
		};
/* End PBXResourcesBuildPhase section */

/* Begin PBXSourcesBuildPhase section */
		CC5FF2F721A1BE4100F993CF /* Sources */ = {
			isa = PBXSourcesBuildPhase;
			buildActionMask = 2147483647;
			files = (
				CC8ED9E021A4395500C50004 /* CategoryViewController.swift in Sources */,
				CC5FF30121A1BE4100F993CF /* TodoListViewController.swift in Sources */,
				CC8ED9DA21A3F0DD00C50004 /* DataModel.xcdatamodeld in Sources */,
				CC5FF2FF21A1BE4100F993CF /* AppDelegate.swift in Sources */,
			);
			runOnlyForDeploymentPostprocessing = 0;
		};
/* End PBXSourcesBuildPhase section */

/* Begin PBXVariantGroup section */
		CC5FF30221A1BE4100F993CF /* Main.storyboard */ = {
			isa = PBXVariantGroup;
			children = (
				CC5FF30321A1BE4100F993CF /* Base */,
			);
			name = Main.storyboard;
			sourceTree = "<group>";
		};
		CC5FF30721A1BE4100F993CF /* LaunchScreen.storyboard */ = {
			isa = PBXVariantGroup;
			children = (
				CC5FF30821A1BE4100F993CF /* Base */,
			);
			name = LaunchScreen.storyboard;
			sourceTree = "<group>";
		};
/* End PBXVariantGroup section */

/* Begin XCBuildConfiguration section */
		CC5FF30B21A1BE4100F993CF /* Debug */ = {
			isa = XCBuildConfiguration;
			buildSettings = {
				ALWAYS_SEARCH_USER_PATHS = NO;
				CLANG_ANALYZER_NONNULL = YES;
				CLANG_ANALYZER_NUMBER_OBJECT_CONVERSION = YES_AGGRESSIVE;
				CLANG_CXX_LANGUAGE_STANDARD = "gnu++14";
				CLANG_CXX_LIBRARY = "libc++";
				CLANG_ENABLE_MODULES = YES;
				CLANG_ENABLE_OBJC_ARC = YES;
				CLANG_ENABLE_OBJC_WEAK = YES;
				CLANG_WARN_BLOCK_CAPTURE_AUTORELEASING = YES;
				CLANG_WARN_BOOL_CONVERSION = YES;
				CLANG_WARN_COMMA = YES;
				CLANG_WARN_CONSTANT_CONVERSION = YES;
				CLANG_WARN_DEPRECATED_OBJC_IMPLEMENTATIONS = YES;
				CLANG_WARN_DIRECT_OBJC_ISA_USAGE = YES_ERROR;
				CLANG_WARN_DOCUMENTATION_COMMENTS = YES;
				CLANG_WARN_EMPTY_BODY = YES;
				CLANG_WARN_ENUM_CONVERSION = YES;
				CLANG_WARN_INFINITE_RECURSION = YES;
				CLANG_WARN_INT_CONVERSION = YES;
				CLANG_WARN_NON_LITERAL_NULL_CONVERSION = YES;
				CLANG_WARN_OBJC_IMPLICIT_RETAIN_SELF = YES;
				CLANG_WARN_OBJC_LITERAL_CONVERSION = YES;
				CLANG_WARN_OBJC_ROOT_CLASS = YES_ERROR;
				CLANG_WARN_RANGE_LOOP_ANALYSIS = YES;
				CLANG_WARN_STRICT_PROTOTYPES = YES;
				CLANG_WARN_SUSPICIOUS_MOVE = YES;
				CLANG_WARN_UNGUARDED_AVAILABILITY = YES_AGGRESSIVE;
				CLANG_WARN_UNREACHABLE_CODE = YES;
				CLANG_WARN__DUPLICATE_METHOD_MATCH = YES;
				CODE_SIGN_IDENTITY = "iPhone Developer";
				COPY_PHASE_STRIP = NO;
				DEBUG_INFORMATION_FORMAT = dwarf;
				ENABLE_STRICT_OBJC_MSGSEND = YES;
				ENABLE_TESTABILITY = YES;
				GCC_C_LANGUAGE_STANDARD = gnu11;
				GCC_DYNAMIC_NO_PIC = NO;
				GCC_NO_COMMON_BLOCKS = YES;
				GCC_OPTIMIZATION_LEVEL = 0;
				GCC_PREPROCESSOR_DEFINITIONS = (
					"DEBUG=1",
					"$(inherited)",
				);
				GCC_WARN_64_TO_32_BIT_CONVERSION = YES;
				GCC_WARN_ABOUT_RETURN_TYPE = YES_ERROR;
				GCC_WARN_UNDECLARED_SELECTOR = YES;
				GCC_WARN_UNINITIALIZED_AUTOS = YES_AGGRESSIVE;
				GCC_WARN_UNUSED_FUNCTION = YES;
				GCC_WARN_UNUSED_VARIABLE = YES;
				IPHONEOS_DEPLOYMENT_TARGET = 11.4;
				MTL_ENABLE_DEBUG_INFO = YES;
				ONLY_ACTIVE_ARCH = YES;
				SDKROOT = iphoneos;
				SWIFT_ACTIVE_COMPILATION_CONDITIONS = DEBUG;
				SWIFT_OPTIMIZATION_LEVEL = "-Onone";
			};
			name = Debug;
		};
		CC5FF30C21A1BE4100F993CF /* Release */ = {
			isa = XCBuildConfiguration;
			buildSettings = {
				ALWAYS_SEARCH_USER_PATHS = NO;
				CLANG_ANALYZER_NONNULL = YES;
				CLANG_ANALYZER_NUMBER_OBJECT_CONVERSION = YES_AGGRESSIVE;
				CLANG_CXX_LANGUAGE_STANDARD = "gnu++14";
				CLANG_CXX_LIBRARY = "libc++";
				CLANG_ENABLE_MODULES = YES;
				CLANG_ENABLE_OBJC_ARC = YES;
				CLANG_ENABLE_OBJC_WEAK = YES;
				CLANG_WARN_BLOCK_CAPTURE_AUTORELEASING = YES;
				CLANG_WARN_BOOL_CONVERSION = YES;
				CLANG_WARN_COMMA = YES;
				CLANG_WARN_CONSTANT_CONVERSION = YES;
				CLANG_WARN_DEPRECATED_OBJC_IMPLEMENTATIONS = YES;
				CLANG_WARN_DIRECT_OBJC_ISA_USAGE = YES_ERROR;
				CLANG_WARN_DOCUMENTATION_COMMENTS = YES;
				CLANG_WARN_EMPTY_BODY = YES;
				CLANG_WARN_ENUM_CONVERSION = YES;
				CLANG_WARN_INFINITE_RECURSION = YES;
				CLANG_WARN_INT_CONVERSION = YES;
				CLANG_WARN_NON_LITERAL_NULL_CONVERSION = YES;
				CLANG_WARN_OBJC_IMPLICIT_RETAIN_SELF = YES;
				CLANG_WARN_OBJC_LITERAL_CONVERSION = YES;
				CLANG_WARN_OBJC_ROOT_CLASS = YES_ERROR;
				CLANG_WARN_RANGE_LOOP_ANALYSIS = YES;
				CLANG_WARN_STRICT_PROTOTYPES = YES;
				CLANG_WARN_SUSPICIOUS_MOVE = YES;
				CLANG_WARN_UNGUARDED_AVAILABILITY = YES_AGGRESSIVE;
				CLANG_WARN_UNREACHABLE_CODE = YES;
				CLANG_WARN__DUPLICATE_METHOD_MATCH = YES;
				CODE_SIGN_IDENTITY = "iPhone Developer";
				COPY_PHASE_STRIP = NO;
				DEBUG_INFORMATION_FORMAT = "dwarf-with-dsym";
				ENABLE_NS_ASSERTIONS = NO;
				ENABLE_STRICT_OBJC_MSGSEND = YES;
				GCC_C_LANGUAGE_STANDARD = gnu11;
				GCC_NO_COMMON_BLOCKS = YES;
				GCC_WARN_64_TO_32_BIT_CONVERSION = YES;
				GCC_WARN_ABOUT_RETURN_TYPE = YES_ERROR;
				GCC_WARN_UNDECLARED_SELECTOR = YES;
				GCC_WARN_UNINITIALIZED_AUTOS = YES_AGGRESSIVE;
				GCC_WARN_UNUSED_FUNCTION = YES;
				GCC_WARN_UNUSED_VARIABLE = YES;
				IPHONEOS_DEPLOYMENT_TARGET = 11.4;
				MTL_ENABLE_DEBUG_INFO = NO;
				SDKROOT = iphoneos;
				SWIFT_COMPILATION_MODE = wholemodule;
				SWIFT_OPTIMIZATION_LEVEL = "-O";
				VALIDATE_PRODUCT = YES;
			};
			name = Release;
		};
		CC5FF30E21A1BE4100F993CF /* Debug */ = {
			isa = XCBuildConfiguration;
			buildSettings = {
				ASSETCATALOG_COMPILER_APPICON_NAME = AppIcon;
				CODE_SIGN_STYLE = Automatic;
				DEVELOPMENT_TEAM = 523WDM2D3U;
				INFOPLIST_FILE = Todoey/Info.plist;
				LD_RUNPATH_SEARCH_PATHS = (
					"$(inherited)",
					"@executable_path/Frameworks",
				);
				PRODUCT_BUNDLE_IDENTIFIER = net.amaocha.Todoey;
				PRODUCT_NAME = "$(TARGET_NAME)";
				SWIFT_VERSION = 4.0;
				TARGETED_DEVICE_FAMILY = "1,2";
			};
			name = Debug;
		};
		CC5FF30F21A1BE4100F993CF /* Release */ = {
			isa = XCBuildConfiguration;
			buildSettings = {
				ASSETCATALOG_COMPILER_APPICON_NAME = AppIcon;
				CODE_SIGN_STYLE = Automatic;
				DEVELOPMENT_TEAM = 523WDM2D3U;
				INFOPLIST_FILE = Todoey/Info.plist;
				LD_RUNPATH_SEARCH_PATHS = (
					"$(inherited)",
					"@executable_path/Frameworks",
				);
				PRODUCT_BUNDLE_IDENTIFIER = net.amaocha.Todoey;
				PRODUCT_NAME = "$(TARGET_NAME)";
				SWIFT_VERSION = 4.0;
				TARGETED_DEVICE_FAMILY = "1,2";
			};
			name = Release;
		};
/* End XCBuildConfiguration section */

/* Begin XCConfigurationList section */
		CC5FF2F621A1BE4000F993CF /* Build configuration list for PBXProject "Todoey" */ = {
			isa = XCConfigurationList;
			buildConfigurations = (
				CC5FF30B21A1BE4100F993CF /* Debug */,
				CC5FF30C21A1BE4100F993CF /* Release */,
			);
			defaultConfigurationIsVisible = 0;
			defaultConfigurationName = Release;
		};
		CC5FF30D21A1BE4100F993CF /* Build configuration list for PBXNativeTarget "Todoey" */ = {
			isa = XCConfigurationList;
			buildConfigurations = (
				CC5FF30E21A1BE4100F993CF /* Debug */,
				CC5FF30F21A1BE4100F993CF /* Release */,
			);
			defaultConfigurationIsVisible = 0;
			defaultConfigurationName = Release;
		};
/* End XCConfigurationList section */

/* Begin XCVersionGroup section */
		CC8ED9D821A3F0DD00C50004 /* DataModel.xcdatamodeld */ = {
			isa = XCVersionGroup;
			children = (
				CC8ED9D921A3F0DD00C50004 /* DataModel.xcdatamodel */,
			);
			currentVersion = CC8ED9D921A3F0DD00C50004 /* DataModel.xcdatamodel */;
			path = DataModel.xcdatamodeld;
			sourceTree = "<group>";
			versionGroupType = wrapper.xcdatamodel;
		};
/* End XCVersionGroup section */
	};
	rootObject = CC5FF2F321A1BE4000F993CF /* Project object */;
}
